
Microsoft Visual Studio Solution File, Format Version 12.00
# Visual Studio 15
VisualStudioVersion = 15.0.26124.0
MinimumVisualStudioVersion = 15.0.26124.0
Project("{2150E333-8FDC-42A3-9474-1A3956D46DE8}") = "src", "src", "{A40AAC13-39C5-4E2A-91A8-E99AFB4B4912}"
EndProject
Project("{FAE04EC0-301F-11D3-BF4B-00C04F79EFBC}") = "dotnet-gitignore", "src\Mescher.DotNet.Cli.GitIgnore\dotnet-gitignore.csproj", "{AD7ABD7F-608E-49A4-90A5-3ED662DD3039}"
EndProject
Project("{2150E333-8FDC-42A3-9474-1A3956D46DE8}") = "tests", "tests", "{041CE402-51B4-49A2-8817-13D49710A9C9}"
EndProject
Project("{FAE04EC0-301F-11D3-BF4B-00C04F79EFBC}") = "Mescher.DotNet.Cli.GitIgnore.Tests", "tests\Mescher.DotNet.Cli.GitIgnore.Tests\Mescher.DotNet.Cli.GitIgnore.Tests.csproj", "{B547E599-7C44-43B8-BB03-977EA1BCA66E}"
EndProject
Global
	GlobalSection(SolutionProperties) = preSolution
		HideSolutionNode = FALSE
	EndGlobalSection
	GlobalSection(SolutionConfigurationPlatforms) = preSolution
		Debug|Any CPU = Debug|Any CPU
		Debug|x64 = Debug|x64
		Debug|x86 = Debug|x86
		Release|Any CPU = Release|Any CPU
		Release|x64 = Release|x64
		Release|x86 = Release|x86
	EndGlobalSection
	GlobalSection(ProjectConfigurationPlatforms) = postSolution
		{AD7ABD7F-608E-49A4-90A5-3ED662DD3039}.Debug|Any CPU.ActiveCfg = Debug|Any CPU
		{AD7ABD7F-608E-49A4-90A5-3ED662DD3039}.Debug|Any CPU.Build.0 = Debug|Any CPU
		{AD7ABD7F-608E-49A4-90A5-3ED662DD3039}.Debug|x64.ActiveCfg = Debug|Any CPU
		{AD7ABD7F-608E-49A4-90A5-3ED662DD3039}.Debug|x64.Build.0 = Debug|Any CPU
		{AD7ABD7F-608E-49A4-90A5-3ED662DD3039}.Debug|x86.ActiveCfg = Debug|Any CPU
		{AD7ABD7F-608E-49A4-90A5-3ED662DD3039}.Debug|x86.Build.0 = Debug|Any CPU
		{AD7ABD7F-608E-49A4-90A5-3ED662DD3039}.Release|Any CPU.ActiveCfg = Release|Any CPU
		{AD7ABD7F-608E-49A4-90A5-3ED662DD3039}.Release|Any CPU.Build.0 = Release|Any CPU
		{AD7ABD7F-608E-49A4-90A5-3ED662DD3039}.Release|x64.ActiveCfg = Release|Any CPU
		{AD7ABD7F-608E-49A4-90A5-3ED662DD3039}.Release|x64.Build.0 = Release|Any CPU
		{AD7ABD7F-608E-49A4-90A5-3ED662DD3039}.Release|x86.ActiveCfg = Release|Any CPU
		{AD7ABD7F-608E-49A4-90A5-3ED662DD3039}.Release|x86.Build.0 = Release|Any CPU
		{B547E599-7C44-43B8-BB03-977EA1BCA66E}.Debug|Any CPU.ActiveCfg = Debug|Any CPU
		{B547E599-7C44-43B8-BB03-977EA1BCA66E}.Debug|Any CPU.Build.0 = Debug|Any CPU
		{B547E599-7C44-43B8-BB03-977EA1BCA66E}.Debug|x64.ActiveCfg = Debug|Any CPU
		{B547E599-7C44-43B8-BB03-977EA1BCA66E}.Debug|x64.Build.0 = Debug|Any CPU
		{B547E599-7C44-43B8-BB03-977EA1BCA66E}.Debug|x86.ActiveCfg = Debug|Any CPU
		{B547E599-7C44-43B8-BB03-977EA1BCA66E}.Debug|x86.Build.0 = Debug|Any CPU
		{B547E599-7C44-43B8-BB03-977EA1BCA66E}.Release|Any CPU.ActiveCfg = Release|Any CPU
		{B547E599-7C44-43B8-BB03-977EA1BCA66E}.Release|Any CPU.Build.0 = Release|Any CPU
		{B547E599-7C44-43B8-BB03-977EA1BCA66E}.Release|x64.ActiveCfg = Release|Any CPU
		{B547E599-7C44-43B8-BB03-977EA1BCA66E}.Release|x64.Build.0 = Release|Any CPU
		{B547E599-7C44-43B8-BB03-977EA1BCA66E}.Release|x86.ActiveCfg = Release|Any CPU
		{B547E599-7C44-43B8-BB03-977EA1BCA66E}.Release|x86.Build.0 = Release|Any CPU
	EndGlobalSection
	GlobalSection(NestedProjects) = preSolution
		{AD7ABD7F-608E-49A4-90A5-3ED662DD3039} = {A40AAC13-39C5-4E2A-91A8-E99AFB4B4912}
		{B547E599-7C44-43B8-BB03-977EA1BCA66E} = {041CE402-51B4-49A2-8817-13D49710A9C9}
	EndGlobalSection
EndGlobal
